
Microsoft Visual Studio Solution File, Format Version 12.00
# Visual Studio Version 17
VisualStudioVersion = 17.9.34728.123
MinimumVisualStudioVersion = 10.0.40219.1
Project("{FAE04EC0-301F-11D3-BF4B-00C04F79EFBC}") = "NexusClient", "NexusClient\NexusClient.csproj", "{BD572340-B93B-4FCC-B611-D6AD4B39BFF6}"
EndProject
Global
	GlobalSection(SolutionConfigurationPlatforms) = preSolution
		Debug|ARM64 = Debug|ARM64
		Debug|x64 = Debug|x64
		Debug|x86 = Debug|x86
		Release|ARM64 = Release|ARM64
		Release|x64 = Release|x64
		Release|x86 = Release|x86
	EndGlobalSection
	GlobalSection(ProjectConfigurationPlatforms) = postSolution
		{BD572340-B93B-4FCC-B611-D6AD4B39BFF6}.Debug|ARM64.ActiveCfg = Debug|ARM64
		{BD572340-B93B-4FCC-B611-D6AD4B39BFF6}.Debug|ARM64.Build.0 = Debug|ARM64
		{BD572340-B93B-4FCC-B611-D6AD4B39BFF6}.Debug|ARM64.Deploy.0 = Debug|ARM64
		{BD572340-B93B-4FCC-B611-D6AD4B39BFF6}.Debug|x64.ActiveCfg = Debug|x64
		{BD572340-B93B-4FCC-B611-D6AD4B39BFF6}.Debug|x64.Build.0 = Debug|x64
		{BD572340-B93B-4FCC-B611-D6AD4B39BFF6}.Debug|x64.Deploy.0 = Debug|x64
		{BD572340-B93B-4FCC-B611-D6AD4B39BFF6}.Debug|x86.ActiveCfg = Debug|x86
		{BD572340-B93B-4FCC-B611-D6AD4B39BFF6}.Debug|x86.Build.0 = Debug|x86
		{BD572340-B93B-4FCC-B611-D6AD4B39BFF6}.Debug|x86.Deploy.0 = Debug|x86
		{BD572340-B93B-4FCC-B611-D6AD4B39BFF6}.Release|ARM64.ActiveCfg = Release|ARM64
		{BD572340-B93B-4FCC-B611-D6AD4B39BFF6}.Release|ARM64.Build.0 = Release|ARM64
		{BD572340-B93B-4FCC-B611-D6AD4B39BFF6}.Release|ARM64.Deploy.0 = Release|ARM64
		{BD572340-B93B-4FCC-B611-D6AD4B39BFF6}.Release|x64.ActiveCfg = Release|x64
		{BD572340-B93B-4FCC-B611-D6AD4B39BFF6}.Release|x64.Build.0 = Release|x64
		{BD572340-B93B-4FCC-B611-D6AD4B39BFF6}.Release|x64.Deploy.0 = Release|x64
		{BD572340-B93B-4FCC-B611-D6AD4B39BFF6}.Release|x86.ActiveCfg = Release|x86
		{BD572340-B93B-4FCC-B611-D6AD4B39BFF6}.Release|x86.Build.0 = Release|x86
		{BD572340-B93B-4FCC-B611-D6AD4B39BFF6}.Release|x86.Deploy.0 = Release|x86
	EndGlobalSection
	GlobalSection(SolutionProperties) = preSolution
		HideSolutionNode = FALSE
	EndGlobalSection
	GlobalSection(ExtensibilityGlobals) = postSolution
		SolutionGuid = {FA91ED09-A385-4F3D-A459-64E4007BAF59}
	EndGlobalSection
EndGlobal
